Microsoft Visual Studio Solution File, Format Version 11.00
# Visual Studio 2008

Project("{0AD1E380-BD26-4C8C-DA47-A3E82D022EC4}") = "test 4 28 september", "Assembly-CSharp-firstpass.csproj", "{5A555B2E-A911-EB74-F2AE-26E20FB8D15C}"
EndProject
Project("{0AD1E380-BD26-4C8C-DA47-A3E82D022EC4}") = "test 4 28 september", "Assembly-CSharp.csproj", "{30DDE24D-043F-CAB2-203E-829F7DBEE11B}"
EndProject
Project("{0AD1E380-BD26-4C8C-DA47-A3E82D022EC4}") = "test 4 28 september", "Assembly-CSharp-Editor.csproj", "{0CB7DFFF-B3DD-A19C-D03E-DF2E027D828E}"
EndProject
Global
	GlobalSection(SolutionConfigurationPlatforms) = preSolution
		Debug|Any CPU = Debug|Any CPU
		Release|Any CPU = Release|Any CPU
	EndGlobalSection
	GlobalSection(ProjectConfigurationPlatforms) = postSolution
		{5A555B2E-A911-EB74-F2AE-26E20FB8D15C}.Debug|Any CPU.ActiveCfg = Debug|Any CPU
		{5A555B2E-A911-EB74-F2AE-26E20FB8D15C}.Debug|Any CPU.Build.0 = Debug|Any CPU
		{5A555B2E-A911-EB74-F2AE-26E20FB8D15C}.Release|Any CPU.ActiveCfg = Release|Any CPU
		{5A555B2E-A911-EB74-F2AE-26E20FB8D15C}.Release|Any CPU.Build.0 = Release|Any CPU
		{30DDE24D-043F-CAB2-203E-829F7DBEE11B}.Debug|Any CPU.ActiveCfg = Debug|Any CPU
		{30DDE24D-043F-CAB2-203E-829F7DBEE11B}.Debug|Any CPU.Build.0 = Debug|Any CPU
		{30DDE24D-043F-CAB2-203E-829F7DBEE11B}.Release|Any CPU.ActiveCfg = Release|Any CPU
		{30DDE24D-043F-CAB2-203E-829F7DBEE11B}.Release|Any CPU.Build.0 = Release|Any CPU
		{0CB7DFFF-B3DD-A19C-D03E-DF2E027D828E}.Debug|Any CPU.ActiveCfg = Debug|Any CPU
		{0CB7DFFF-B3DD-A19C-D03E-DF2E027D828E}.Debug|Any CPU.Build.0 = Debug|Any CPU
		{0CB7DFFF-B3DD-A19C-D03E-DF2E027D828E}.Release|Any CPU.ActiveCfg = Release|Any CPU
		{0CB7DFFF-B3DD-A19C-D03E-DF2E027D828E}.Release|Any CPU.Build.0 = Release|Any CPU
	EndGlobalSection
	GlobalSection(SolutionProperties) = preSolution
		HideSolutionNode = FALSE
	EndGlobalSection
	GlobalSection(MonoDevelopProperties) = preSolution
		StartupItem = Assembly-CSharp.csproj
	EndGlobalSection
EndGlobal
